
Microsoft Visual Studio Solution File, Format Version 12.00
# Visual Studio Version 17
VisualStudioVersion = 17.1.32210.238
MinimumVisualStudioVersion = 10.0.40219.1
Project("{9A19103F-16F7-4668-BE54-9A1E7A4F7556}") = "SharedDatabaseAccess", "SharedDatabaseAccess\SharedDatabaseAccess.csproj", "{0A050C4E-5FC0-4517-AF5D-E979910438A1}"
EndProject
Project("{9A19103F-16F7-4668-BE54-9A1E7A4F7556}") = "SharedObjects", "..\SharedObjects\SharedObjects\SharedObjects.csproj", "{7091D91B-35D8-4F65-9647-61D7AB663A0A}"
EndProject
Global
	GlobalSection(SolutionConfigurationPlatforms) = preSolution
		Debug|Any CPU = Debug|Any CPU
		Release|Any CPU = Release|Any CPU
	EndGlobalSection
	GlobalSection(ProjectConfigurationPlatforms) = postSolution
		{0A050C4E-5FC0-4517-AF5D-E979910438A1}.Debug|Any CPU.ActiveCfg = Debug|Any CPU
		{0A050C4E-5FC0-4517-AF5D-E979910438A1}.Debug|Any CPU.Build.0 = Debug|Any CPU
		{0A050C4E-5FC0-4517-AF5D-E979910438A1}.Release|Any CPU.ActiveCfg = Release|Any CPU
		{0A050C4E-5FC0-4517-AF5D-E979910438A1}.Release|Any CPU.Build.0 = Release|Any CPU
		{7091D91B-35D8-4F65-9647-61D7AB663A0A}.Debug|Any CPU.ActiveCfg = Debug|Any CPU
		{7091D91B-35D8-4F65-9647-61D7AB663A0A}.Debug|Any CPU.Build.0 = Debug|Any CPU
		{7091D91B-35D8-4F65-9647-61D7AB663A0A}.Release|Any CPU.ActiveCfg = Release|Any CPU
		{7091D91B-35D8-4F65-9647-61D7AB663A0A}.Release|Any CPU.Build.0 = Release|Any CPU
	EndGlobalSection
	GlobalSection(SolutionProperties) = preSolution
		HideSolutionNode = FALSE
	EndGlobalSection
	GlobalSection(ExtensibilityGlobals) = postSolution
		SolutionGuid = {55DA67CB-7A96-4D8C-9658-14EB09308519}
	EndGlobalSection
EndGlobal
